
Microsoft Visual Studio Solution File, Format Version 12.00
# Visual Studio 15
VisualStudioVersion = 15.0.28307.1705
MinimumVisualStudioVersion = 10.0.40219.1
Project("{FAE04EC0-301F-11D3-BF4B-00C04F79EFBC}") = "HotelFazenda_PimIV", "HotelFazenda_PimIV\HotelFazenda_PimIV.csproj", "{69E73AB6-3C4A-42A4-93C7-548DA55A1A4F}"
EndProject
Project("{FAE04EC0-301F-11D3-BF4B-00C04F79EFBC}") = "Database", "Database\Database.csproj", "{C1835DAA-CC81-4EDB-923A-E430DCDA2964}"
EndProject
Project("{FAE04EC0-301F-11D3-BF4B-00C04F79EFBC}") = "Business", "Business\Business.csproj", "{A44DE2D0-F595-4E85-979B-3DE7DC029422}"
EndProject
Global
	GlobalSection(SolutionConfigurationPlatforms) = preSolution
		Debug|Any CPU = Debug|Any CPU
		Release|Any CPU = Release|Any CPU
	EndGlobalSection
	GlobalSection(ProjectConfigurationPlatforms) = postSolution
		{69E73AB6-3C4A-42A4-93C7-548DA55A1A4F}.Debug|Any CPU.ActiveCfg = Debug|Any CPU
		{69E73AB6-3C4A-42A4-93C7-548DA55A1A4F}.Debug|Any CPU.Build.0 = Debug|Any CPU
		{69E73AB6-3C4A-42A4-93C7-548DA55A1A4F}.Release|Any CPU.ActiveCfg = Release|Any CPU
		{69E73AB6-3C4A-42A4-93C7-548DA55A1A4F}.Release|Any CPU.Build.0 = Release|Any CPU
		{C1835DAA-CC81-4EDB-923A-E430DCDA2964}.Debug|Any CPU.ActiveCfg = Debug|Any CPU
		{C1835DAA-CC81-4EDB-923A-E430DCDA2964}.Debug|Any CPU.Build.0 = Debug|Any CPU
		{C1835DAA-CC81-4EDB-923A-E430DCDA2964}.Release|Any CPU.ActiveCfg = Release|Any CPU
		{C1835DAA-CC81-4EDB-923A-E430DCDA2964}.Release|Any CPU.Build.0 = Release|Any CPU
		{A44DE2D0-F595-4E85-979B-3DE7DC029422}.Debug|Any CPU.ActiveCfg = Debug|Any CPU
		{A44DE2D0-F595-4E85-979B-3DE7DC029422}.Debug|Any CPU.Build.0 = Debug|Any CPU
		{A44DE2D0-F595-4E85-979B-3DE7DC029422}.Release|Any CPU.ActiveCfg = Release|Any CPU
		{A44DE2D0-F595-4E85-979B-3DE7DC029422}.Release|Any CPU.Build.0 = Release|Any CPU
	EndGlobalSection
	GlobalSection(SolutionProperties) = preSolution
		HideSolutionNode = FALSE
	EndGlobalSection
	GlobalSection(ExtensibilityGlobals) = postSolution
		SolutionGuid = {663A2AE8-9C45-48F8-8A51-D7A413F0617B}
	EndGlobalSection
EndGlobal
