
Microsoft Visual Studio Solution File, Format Version 12.00
# Visual Studio Version 16
VisualStudioVersion = 16.0.32228.343
MinimumVisualStudioVersion = 10.0.40219.1
Project("{FAE04EC0-301F-11D3-BF4B-00C04F79EFBC}") = "BookAPI", "BookAPI\BookAPI.csproj", "{4A46F402-44ED-498A-B424-189E408D8AA4}"
EndProject
Global
	GlobalSection(SolutionConfigurationPlatforms) = preSolution
		Debug|Any CPU = Debug|Any CPU
		Release|Any CPU = Release|Any CPU
	EndGlobalSection
	GlobalSection(ProjectConfigurationPlatforms) = postSolution
		{4A46F402-44ED-498A-B424-189E408D8AA4}.Debug|Any CPU.ActiveCfg = Debug|Any CPU
		{4A46F402-44ED-498A-B424-189E408D8AA4}.Debug|Any CPU.Build.0 = Debug|Any CPU
		{4A46F402-44ED-498A-B424-189E408D8AA4}.Release|Any CPU.ActiveCfg = Release|Any CPU
		{4A46F402-44ED-498A-B424-189E408D8AA4}.Release|Any CPU.Build.0 = Release|Any CPU
	EndGlobalSection
	GlobalSection(SolutionProperties) = preSolution
		HideSolutionNode = FALSE
	EndGlobalSection
	GlobalSection(ExtensibilityGlobals) = postSolution
		SolutionGuid = {531A6EF0-6972-4CEA-B644-C0BC3E6AC7C1}
	EndGlobalSection
EndGlobal
